github.com/lucasb-eyer/go-colorful v1.2.0 h1:1nnpGOrhyZZuNyfu1QjKiUICQ74+3FNCN69Aj6K7nkY=
github.com/lucasb-eyer/go-colorful v1.2.0/go.mod h1:R4dSotOR9KMtayYi1e77YzuveK+i7ruzyGqttikkLy0=
github.com/nikolaydubina/treemap v1.2.5 h1:oSC5z/qnsGLbkU2IihSrh2pS7uDjUq7ipGj8aw8bfII=
github.com/nikolaydubina/treemap v1.2.5/go.mod h1:8+wLGh917AyeJqBN1D5KM26tv6W/XfvsY+nfJd04/u8=
golang.org/x/tools v0.29.0 h1:Xx0h3TtM9rzQpQuR4dKLrdglAmCEN5Oi+P74JdhdzXE=
golang.org/x/tools v0.29.0/go.mod h1:KMQVMRsVxU6nHCFXrBPhDB8XncLNLM0lIy/F14RP588=
